
Microsoft Visual Studio Solution File, Format Version 12.00
# Visual Studio 15
VisualStudioVersion = 15.0.28307.106
MinimumVisualStudioVersion = 10.0.40219.1
Project("{FAE04EC0-301F-11D3-BF4B-00C04F79EFBC}") = "OddsCalculatorLibrary", "OddsCalculatorLibrary\OddsCalculatorLibrary.csproj", "{330D4265-CB92-4FD6-A6F5-293788F7E5E5}"
EndProject
Project("{FAE04EC0-301F-11D3-BF4B-00C04F79EFBC}") = "OddsCalculatorLibraryTests", "OddsCalculatorLibraryTests\OddsCalculatorLibraryTests.csproj", "{F6521237-32B9-492D-81D5-9C387A3099B8}"
EndProject
Global
	GlobalSection(SolutionConfigurationPlatforms) = preSolution
		Debug|Any CPU = Debug|Any CPU
		Release|Any CPU = Release|Any CPU
	EndGlobalSection
	GlobalSection(ProjectConfigurationPlatforms) = postSolution
		{330D4265-CB92-4FD6-A6F5-293788F7E5E5}.Debug|Any CPU.ActiveCfg = Debug|Any CPU
		{330D4265-CB92-4FD6-A6F5-293788F7E5E5}.Debug|Any CPU.Build.0 = Debug|Any CPU
		{330D4265-CB92-4FD6-A6F5-293788F7E5E5}.Release|Any CPU.ActiveCfg = Release|Any CPU
		{330D4265-CB92-4FD6-A6F5-293788F7E5E5}.Release|Any CPU.Build.0 = Release|Any CPU
		{F6521237-32B9-492D-81D5-9C387A3099B8}.Debug|Any CPU.ActiveCfg = Debug|Any CPU
		{F6521237-32B9-492D-81D5-9C387A3099B8}.Debug|Any CPU.Build.0 = Debug|Any CPU
		{F6521237-32B9-492D-81D5-9C387A3099B8}.Release|Any CPU.ActiveCfg = Release|Any CPU
		{F6521237-32B9-492D-81D5-9C387A3099B8}.Release|Any CPU.Build.0 = Release|Any CPU
	EndGlobalSection
	GlobalSection(SolutionProperties) = preSolution
		HideSolutionNode = FALSE
	EndGlobalSection
	GlobalSection(ExtensibilityGlobals) = postSolution
		SolutionGuid = {C778D17F-F25D-4356-B839-BE835297AC39}
	EndGlobalSection
EndGlobal
